
Microsoft Visual Studio Solution File, Format Version 11.00
# Visual C# Express 2010
Project("{FAE04EC0-301F-11D3-BF4B-00C04F79EFBC}") = "Численные методы 4", "Численные методы 4\Численные методы 4.csproj", "{45485148-7EAB-4770-BBC7-169C970C8D46}"
EndProject
Global
	GlobalSection(SolutionConfigurationPlatforms) = preSolution
		Debug|Any CPU = Debug|Any CPU
		Release|Any CPU = Release|Any CPU
	EndGlobalSection
	GlobalSection(ProjectConfigurationPlatforms) = postSolution
		{45485148-7EAB-4770-BBC7-169C970C8D46}.Debug|Any CPU.ActiveCfg = Debug|Any CPU
		{45485148-7EAB-4770-BBC7-169C970C8D46}.Debug|Any CPU.Build.0 = Debug|Any CPU
		{45485148-7EAB-4770-BBC7-169C970C8D46}.Release|Any CPU.ActiveCfg = Release|Any CPU
		{45485148-7EAB-4770-BBC7-169C970C8D46}.Release|Any CPU.Build.0 = Release|Any CPU
	EndGlobalSection
	GlobalSection(SolutionProperties) = preSolution
		HideSolutionNode = FALSE
	EndGlobalSection
EndGlobal
